
Microsoft Visual Studio Solution File, Format Version 12.00
# Visual Studio Version 16
VisualStudioVersion = 16.0.30413.136
MinimumVisualStudioVersion = 10.0.40219.1
Project("{FAE04EC0-301F-11D3-BF4B-00C04F79EFBC}") = "AumentoSalario", "AumentoSalario\AumentoSalario.csproj", "{C5A79943-5397-44C0-B4E0-6FE40CB1A8F5}"
EndProject
Global
	GlobalSection(SolutionConfigurationPlatforms) = preSolution
		Debug|Any CPU = Debug|Any CPU
		Release|Any CPU = Release|Any CPU
	EndGlobalSection
	GlobalSection(ProjectConfigurationPlatforms) = postSolution
		{C5A79943-5397-44C0-B4E0-6FE40CB1A8F5}.Debug|Any CPU.ActiveCfg = Debug|Any CPU
		{C5A79943-5397-44C0-B4E0-6FE40CB1A8F5}.Debug|Any CPU.Build.0 = Debug|Any CPU
		{C5A79943-5397-44C0-B4E0-6FE40CB1A8F5}.Release|Any CPU.ActiveCfg = Release|Any CPU
		{C5A79943-5397-44C0-B4E0-6FE40CB1A8F5}.Release|Any CPU.Build.0 = Release|Any CPU
	EndGlobalSection
	GlobalSection(SolutionProperties) = preSolution
		HideSolutionNode = FALSE
	EndGlobalSection
	GlobalSection(ExtensibilityGlobals) = postSolution
		SolutionGuid = {F81C86E6-A3C2-437D-BADB-F60193113E20}
	EndGlobalSection
EndGlobal
